// !$*UTF8*$!
{
	archiveVersion = 1;
	classes = {
	};
	objectVersion = 50;
	objects = {

/* Begin PBXBuildFile section */
		874C91C424AC8EDA00D15666 /* AppDelegate.swift in Sources */ = {isa = PBXBuildFile; fileRef = 874C91C324AC8EDA00D15666 /* AppDelegate.swift */; };
		874C91C824AC8EDA00D15666 /* ViewController.swift in Sources */ = {isa = PBXBuildFile; fileRef = 874C91C724AC8EDA00D15666 /* ViewController.swift */; };
		874C91CD24AC8EDC00D15666 /* Assets.xcassets in Resources */ = {isa = PBXBuildFile; fileRef = 874C91CC24AC8EDC00D15666 /* Assets.xcassets */; };
		874C91D024AC8EDC00D15666 /* LaunchScreen.storyboard in Resources */ = {isa = PBXBuildFile; fileRef = 874C91CE24AC8EDC00D15666 /* LaunchScreen.storyboard */; };
		874C91D824AC8F7500D15666 /* XYZWindow.swift in Sources */ = {isa = PBXBuildFile; fileRef = 874C91D724AC8F7500D15666 /* XYZWindow.swift */; };
		874C91DA24AC90D700D15666 /* Tools.swift in Sources */ = {isa = PBXBuildFile; fileRef = 874C91D924AC90D700D15666 /* Tools.swift */; };
		874C91E024AC938D00D15666 /* LevelWindow.swift in Sources */ = {isa = PBXBuildFile; fileRef = 874C91DF24AC938D00D15666 /* LevelWindow.swift */; };
		874C91E824AC9CD000D15666 /* Storyboard.storyboard in Resources */ = {isa = PBXBuildFile; fileRef = 874C91E724AC9CD000D15666 /* Storyboard.storyboard */; };
/* End PBXBuildFile section */

/* Begin PBXFileReference section */
		874C91C024AC8EDA00D15666 /* KeyboardWindow.app */ = {isa = PBXFileReference; explicitFileType = wrapper.application; includeInIndex = 0; path = KeyboardWindow.app; sourceTree = BUILT_PRODUCTS_DIR; };
		874C91C324AC8EDA00D15666 /* AppDelegate.swift */ = {isa = PBXFileReference; lastKnownFileType = sourcecode.swift; path = AppDelegate.swift; sourceTree = "<group>"; };
		874C91C724AC8EDA00D15666 /* ViewController.swift */ = {isa = PBXFileReference; lastKnownFileType = sourcecode.swift; path = ViewController.swift; sourceTree = "<group>"; };
		874C91CC24AC8EDC00D15666 /* Assets.xcassets */ = {isa = PBXFileReference; lastKnownFileType = folder.assetcatalog; path = Assets.xcassets; sourceTree = "<group>"; };
		874C91CF24AC8EDC00D15666 /* Base */ = {isa = PBXFileReference; lastKnownFileType = file.storyboard; name = Base; path = Base.lproj/LaunchScreen.storyboard; sourceTree = "<group>"; };
		874C91D124AC8EDC00D15666 /* Info.plist */ = {isa = PBXFileReference; lastKnownFileType = text.plist.xml; path = Info.plist; sourceTree = "<group>"; };
		874C91D724AC8F7500D15666 /* XYZWindow.swift */ = {isa = PBXFileReference; lastKnownFileType = sourcecode.swift; path = XYZWindow.swift; sourceTree = "<group>"; };
		874C91D924AC90D700D15666 /* Tools.swift */ = {isa = PBXFileReference; lastKnownFileType = sourcecode.swift; path = Tools.swift; sourceTree = "<group>"; };
		874C91DF24AC938D00D15666 /* LevelWindow.swift */ = {isa = PBXFileReference; lastKnownFileType = sourcecode.swift; path = LevelWindow.swift; sourceTree = "<group>"; };
		874C91E724AC9CD000D15666 /* Storyboard.storyboard */ = {isa = PBXFileReference; lastKnownFileType = file.storyboard; path = Storyboard.storyboard; sourceTree = "<group>"; };
/* End PBXFileReference section */

/* Begin PBXFrameworksBuildPhase section */
		874C91BD24AC8EDA00D15666 /* Frameworks */ = {
			isa = PBXFrameworksBuildPhase;
			buildActionMask = 2147483647;
			files = (
			);
			runOnlyForDeploymentPostprocessing = 0;
		};
/* End PBXFrameworksBuildPhase section */

/* Begin PBXGroup section */
		874C91B724AC8EDA00D15666 = {
			isa = PBXGroup;
			children = (
				874C91C224AC8EDA00D15666 /* KeyboardWindow */,
				874C91C124AC8EDA00D15666 /* Products */,
			);
			sourceTree = "<group>";
		};
		874C91C124AC8EDA00D15666 /* Products */ = {
			isa = PBXGroup;
			children = (
				874C91C024AC8EDA00D15666 /* KeyboardWindow.app */,
			);
			name = Products;
			sourceTree = "<group>";
		};
		874C91C224AC8EDA00D15666 /* KeyboardWindow */ = {
			isa = PBXGroup;
			children = (
				874C91C324AC8EDA00D15666 /* AppDelegate.swift */,
				874C91C724AC8EDA00D15666 /* ViewController.swift */,
				874C91CC24AC8EDC00D15666 /* Assets.xcassets */,
				874C91CE24AC8EDC00D15666 /* LaunchScreen.storyboard */,
				874C91D124AC8EDC00D15666 /* Info.plist */,
				874C91D724AC8F7500D15666 /* XYZWindow.swift */,
				874C91DF24AC938D00D15666 /* LevelWindow.swift */,
				874C91D924AC90D700D15666 /* Tools.swift */,
				874C91E724AC9CD000D15666 /* Storyboard.storyboard */,
			);
			path = KeyboardWindow;
			sourceTree = "<group>";
		};
/* End PBXGroup section */

/* Begin PBXNativeTarget section */
		874C91BF24AC8EDA00D15666 /* KeyboardWindow */ = {
			isa = PBXNativeTarget;
			buildConfigurationList = 874C91D424AC8EDC00D15666 /* Build configuration list for PBXNativeTarget "KeyboardWindow" */;
			buildPhases = (
				874C91BC24AC8EDA00D15666 /* Sources */,
				874C91BD24AC8EDA00D15666 /* Frameworks */,
				874C91BE24AC8EDA00D15666 /* Resources */,
			);
			buildRules = (
			);
			dependencies = (
			);
			name = KeyboardWindow;
			productName = KeyboardWindow;
			productReference = 874C91C024AC8EDA00D15666 /* KeyboardWindow.app */;
			productType = "com.apple.product-type.application";
		};
/* End PBXNativeTarget section */

/* Begin PBXProject section */
		874C91B824AC8EDA00D15666 /* Project object */ = {
			isa = PBXProject;
			attributes = {
				LastSwiftUpdateCheck = 1150;
				LastUpgradeCheck = 1150;
				ORGANIZATIONNAME = xyz;
				TargetAttributes = {
					874C91BF24AC8EDA00D15666 = {
						CreatedOnToolsVersion = 11.5;
					};
				};
			};
			buildConfigurationList = 874C91BB24AC8EDA00D15666 /* Build configuration list for PBXProject "KeyboardWindow" */;
			compatibilityVersion = "Xcode 9.3";
			developmentRegion = en;
			hasScannedForEncodings = 0;
			knownRegions = (
				en,
				Base,
			);
			mainGroup = 874C91B724AC8EDA00D15666;
			productRefGroup = 874C91C124AC8EDA00D15666 /* Products */;
			projectDirPath = "";
			projectRoot = "";
			targets = (
				874C91BF24AC8EDA00D15666 /* KeyboardWindow */,
			);
		};
/* End PBXProject section */

/* Begin PBXResourcesBuildPhase section */
		874C91BE24AC8EDA00D15666 /* Resources */ = {
			isa = PBXResourcesBuildPhase;
			buildActionMask = 2147483647;
			files = (
				874C91D024AC8EDC00D15666 /* LaunchScreen.storyboard in Resources */,
				874C91CD24AC8EDC00D15666 /* Assets.xcassets in Resources */,
				874C91E824AC9CD000D15666 /* Storyboard.storyboard in Resources */,
			);
			runOnlyForDeploymentPostprocessing = 0;
		};
/* End PBXResourcesBuildPhase section */

/* Begin PBXSourcesBuildPhase section */
		874C91BC24AC8EDA00D15666 /* Sources */ = {
			isa = PBXSourcesBuildPhase;
			buildActionMask = 2147483647;
			files = (
				874C91C824AC8EDA00D15666 /* ViewController.swift in Sources */,
				874C91D824AC8F7500D15666 /* XYZWindow.swift in Sources */,
				874C91E024AC938D00D15666 /* LevelWindow.swift in Sources */,
				874C91C424AC8EDA00D15666 /* AppDelegate.swift in Sources */,
				874C91DA24AC90D700D15666 /* Tools.swift in Sources */,
			);
			runOnlyForDeploymentPostprocessing = 0;
		};
/* End PBXSourcesBuildPhase section */

/* Begin PBXVariantGroup section */
		874C91CE24AC8EDC00D15666 /* LaunchScreen.storyboard */ = {
			isa = PBXVariantGroup;
			children = (
				874C91CF24AC8EDC00D15666 /* Base */,
			);
			name = LaunchScreen.storyboard;
			sourceTree = "<group>";
		};
/* End PBXVariantGroup section */

/* Begin XCBuildConfiguration section */
		874C91D224AC8EDC00D15666 /* Debug */ = {
			isa = XCBuildConfiguration;
			buildSettings = {
				ALWAYS_SEARCH_USER_PATHS = NO;
				CLANG_ANALYZER_NONNULL = YES;
				CLANG_ANALYZER_NUMBER_OBJECT_CONVERSION = YES_AGGRESSIVE;
				CLANG_CXX_LANGUAGE_STANDARD = "gnu++14";
				CLANG_CXX_LIBRARY = "libc++";
				CLANG_ENABLE_MODULES = YES;
				CLANG_ENABLE_OBJC_ARC = YES;
				CLANG_ENABLE_OBJC_WEAK = YES;
				CLANG_WARN_BLOCK_CAPTURE_AUTORELEASING = YES;
				CLANG_WARN_BOOL_CONVERSION = YES;
				CLANG_WARN_COMMA = YES;
				CLANG_WARN_CONSTANT_CONVERSION = YES;
				CLANG_WARN_DEPRECATED_OBJC_IMPLEMENTATIONS = YES;
				CLANG_WARN_DIRECT_OBJC_ISA_USAGE = YES_ERROR;
				CLANG_WARN_DOCUMENTATION_COMMENTS = YES;
				CLANG_WARN_EMPTY_BODY = YES;
				CLANG_WARN_ENUM_CONVERSION = YES;
				CLANG_WARN_INFINITE_RECURSION = YES;
				CLANG_WARN_INT_CONVERSION = YES;
				CLANG_WARN_NON_LITERAL_NULL_CONVERSION = YES;
				CLANG_WARN_OBJC_IMPLICIT_RETAIN_SELF = YES;
				CLANG_WARN_OBJC_LITERAL_CONVERSION = YES;
				CLANG_WARN_OBJC_ROOT_CLASS = YES_ERROR;
				CLANG_WARN_RANGE_LOOP_ANALYSIS = YES;
				CLANG_WARN_STRICT_PROTOTYPES = YES;
				CLANG_WARN_SUSPICIOUS_MOVE = YES;
				CLANG_WARN_UNGUARDED_AVAILABILITY = YES_AGGRESSIVE;
				CLANG_WARN_UNREACHABLE_CODE = YES;
				CLANG_WARN__DUPLICATE_METHOD_MATCH = YES;
				COPY_PHASE_STRIP = NO;
				DEBUG_INFORMATION_FORMAT = dwarf;
				ENABLE_STRICT_OBJC_MSGSEND = YES;
				ENABLE_TESTABILITY = YES;
				GCC_C_LANGUAGE_STANDARD = gnu11;
				GCC_DYNAMIC_NO_PIC = NO;
				GCC_NO_COMMON_BLOCKS = YES;
				GCC_OPTIMIZATION_LEVEL = 0;
				GCC_PREPROCESSOR_DEFINITIONS = (
					"DEBUG=1",
					"$(inherited)",
				);
				GCC_WARN_64_TO_32_BIT_CONVERSION = YES;
				GCC_WARN_ABOUT_RETURN_TYPE = YES_ERROR;
				GCC_WARN_UNDECLARED_SELECTOR = YES;
				GCC_WARN_UNINITIALIZED_AUTOS = YES_AGGRESSIVE;
				GCC_WARN_UNUSED_FUNCTION = YES;
				GCC_WARN_UNUSED_VARIABLE = YES;
				IPHONEOS_DEPLOYMENT_TARGET = 13.5;
				MTL_ENABLE_DEBUG_INFO = INCLUDE_SOURCE;
				MTL_FAST_MATH = YES;
				ONLY_ACTIVE_ARCH = YES;
				SDKROOT = iphoneos;
				SWIFT_ACTIVE_COMPILATION_CONDITIONS = DEBUG;
				SWIFT_OPTIMIZATION_LEVEL = "-Onone";
			};
			name = Debug;
		};
		874C91D324AC8EDC00D15666 /* Release */ = {
			isa = XCBuildConfiguration;
			buildSettings = {
				ALWAYS_SEARCH_USER_PATHS = NO;
				CLANG_ANALYZER_NONNULL = YES;
				CLANG_ANALYZER_NUMBER_OBJECT_CONVERSION = YES_AGGRESSIVE;
				CLANG_CXX_LANGUAGE_STANDARD = "gnu++14";
				CLANG_CXX_LIBRARY = "libc++";
				CLANG_ENABLE_MODULES = YES;
				CLANG_ENABLE_OBJC_ARC = YES;
				CLANG_ENABLE_OBJC_WEAK = YES;
				CLANG_WARN_BLOCK_CAPTURE_AUTORELEASING = YES;
				CLANG_WARN_BOOL_CONVERSION = YES;
				CLANG_WARN_COMMA = YES;
				CLANG_WARN_CONSTANT_CONVERSION = YES;
				CLANG_WARN_DEPRECATED_OBJC_IMPLEMENTATIONS = YES;
				CLANG_WARN_DIRECT_OBJC_ISA_USAGE = YES_ERROR;
				CLANG_WARN_DOCUMENTATION_COMMENTS = YES;
				CLANG_WARN_EMPTY_BODY = YES;
				CLANG_WARN_ENUM_CONVERSION = YES;
				CLANG_WARN_INFINITE_RECURSION = YES;
				CLANG_WARN_INT_CONVERSION = YES;
				CLANG_WARN_NON_LITERAL_NULL_CONVERSION = YES;
				CLANG_WARN_OBJC_IMPLICIT_RETAIN_SELF = YES;
				CLANG_WARN_OBJC_LITERAL_CONVERSION = YES;
				CLANG_WARN_OBJC_ROOT_CLASS = YES_ERROR;
				CLANG_WARN_RANGE_LOOP_ANALYSIS = YES;
				CLANG_WARN_STRICT_PROTOTYPES = YES;
				CLANG_WARN_SUSPICIOUS_MOVE = YES;
				CLANG_WARN_UNGUARDED_AVAILABILITY = YES_AGGRESSIVE;
				CLANG_WARN_UNREACHABLE_CODE = YES;
				CLANG_WARN__DUPLICATE_METHOD_MATCH = YES;
				COPY_PHASE_STRIP = NO;
				DEBUG_INFORMATION_FORMAT = "dwarf-with-dsym";
				ENABLE_NS_ASSERTIONS = NO;
				ENABLE_STRICT_OBJC_MSGSEND = YES;
				GCC_C_LANGUAGE_STANDARD = gnu11;
				GCC_NO_COMMON_BLOCKS = YES;
				GCC_WARN_64_TO_32_BIT_CONVERSION = YES;
				GCC_WARN_ABOUT_RETURN_TYPE = YES_ERROR;
				GCC_WARN_UNDECLARED_SELECTOR = YES;
				GCC_WARN_UNINITIALIZED_AUTOS = YES_AGGRESSIVE;
				GCC_WARN_UNUSED_FUNCTION = YES;
				GCC_WARN_UNUSED_VARIABLE = YES;
				IPHONEOS_DEPLOYMENT_TARGET = 13.5;
				MTL_ENABLE_DEBUG_INFO = NO;
				MTL_FAST_MATH = YES;
				SDKROOT = iphoneos;
				SWIFT_COMPILATION_MODE = wholemodule;
				SWIFT_OPTIMIZATION_LEVEL = "-O";
				VALIDATE_PRODUCT = YES;
			};
			name = Release;
		};
		874C91D524AC8EDC00D15666 /* Debug */ = {
			isa = XCBuildConfiguration;
			buildSettings = {
				ASSETCATALOG_COMPILER_APPICON_NAME = AppIcon;
				CODE_SIGN_STYLE = Automatic;
				DEVELOPMENT_TEAM = MC4XC84N93;
				INFOPLIST_FILE = KeyboardWindow/Info.plist;
				IPHONEOS_DEPLOYMENT_TARGET = 10.0;
				LD_RUNPATH_SEARCH_PATHS = (
					"$(inherited)",
					"@executable_path/Frameworks",
				);
				PRODUCT_BUNDLE_IDENTIFIER = com.xyz.KeyboardWindow;
				PRODUCT_NAME = "$(TARGET_NAME)";
				SWIFT_VERSION = 5.0;
				TARGETED_DEVICE_FAMILY = 1;
			};
			name = Debug;
		};
		874C91D624AC8EDC00D15666 /* Release */ = {
			isa = XCBuildConfiguration;
			buildSettings = {
				ASSETCATALOG_COMPILER_APPICON_NAME = AppIcon;
				CODE_SIGN_STYLE = Automatic;
				DEVELOPMENT_TEAM = MC4XC84N93;
				INFOPLIST_FILE = KeyboardWindow/Info.plist;
				IPHONEOS_DEPLOYMENT_TARGET = 10.0;
				LD_RUNPATH_SEARCH_PATHS = (
					"$(inherited)",
					"@executable_path/Frameworks",
				);
				PRODUCT_BUNDLE_IDENTIFIER = com.xyz.KeyboardWindow;
				PRODUCT_NAME = "$(TARGET_NAME)";
				SWIFT_VERSION = 5.0;
				TARGETED_DEVICE_FAMILY = 1;
			};
			name = Release;
		};
/* End XCBuildConfiguration section */

/* Begin XCConfigurationList section */
		874C91BB24AC8EDA00D15666 /* Build configuration list for PBXProject "KeyboardWindow" */ = {
			isa = XCConfigurationList;
			buildConfigurations = (
				874C91D224AC8EDC00D15666 /* Debug */,
				874C91D324AC8EDC00D15666 /* Release */,
			);
			defaultConfigurationIsVisible = 0;
			defaultConfigurationName = Release;
		};
		874C91D424AC8EDC00D15666 /* Build configuration list for PBXNativeTarget "KeyboardWindow" */ = {
			isa = XCConfigurationList;
			buildConfigurations = (
				874C91D524AC8EDC00D15666 /* Debug */,
				874C91D624AC8EDC00D15666 /* Release */,
			);
			defaultConfigurationIsVisible = 0;
			defaultConfigurationName = Release;
		};
/* End XCConfigurationList section */
	};
	rootObject = 874C91B824AC8EDA00D15666 /* Project object */;
}
